
Microsoft Visual Studio Solution File, Format Version 12.00
# Visual Studio Version 17
VisualStudioVersion = 17.0.31903.59
MinimumVisualStudioVersion = 10.0.40219.1
Project("{FAE04EC0-301F-11D3-BF4B-00C04F79EFBC}") = "LibraryAPI", "LibraryAPI\LibraryAPI.csproj", "{29EB5000-D6A8-43B0-A48C-F0C97783FDC8}"
EndProject
Project("{FAE04EC0-301F-11D3-BF4B-00C04F79EFBC}") = "LibraryAPI.Contracts", "LibraryAPI.Contracts\LibraryAPI.Contracts.csproj", "{AB7C04FC-B6CC-498F-9295-04D461474AD6}"
EndProject
Global
	GlobalSection(SolutionConfigurationPlatforms) = preSolution
		Debug|Any CPU = Debug|Any CPU
		Release|Any CPU = Release|Any CPU
	EndGlobalSection
	GlobalSection(SolutionProperties) = preSolution
		HideSolutionNode = FALSE
	EndGlobalSection
	GlobalSection(ProjectConfigurationPlatforms) = postSolution
		{29EB5000-D6A8-43B0-A48C-F0C97783FDC8}.Debug|Any CPU.ActiveCfg = Debug|Any CPU
		{29EB5000-D6A8-43B0-A48C-F0C97783FDC8}.Debug|Any CPU.Build.0 = Debug|Any CPU
		{29EB5000-D6A8-43B0-A48C-F0C97783FDC8}.Release|Any CPU.ActiveCfg = Release|Any CPU
		{29EB5000-D6A8-43B0-A48C-F0C97783FDC8}.Release|Any CPU.Build.0 = Release|Any CPU
		{AB7C04FC-B6CC-498F-9295-04D461474AD6}.Debug|Any CPU.ActiveCfg = Debug|Any CPU
		{AB7C04FC-B6CC-498F-9295-04D461474AD6}.Debug|Any CPU.Build.0 = Debug|Any CPU
		{AB7C04FC-B6CC-498F-9295-04D461474AD6}.Release|Any CPU.ActiveCfg = Release|Any CPU
		{AB7C04FC-B6CC-498F-9295-04D461474AD6}.Release|Any CPU.Build.0 = Release|Any CPU
	EndGlobalSection
EndGlobal
